
Microsoft Visual Studio Solution File, Format Version 12.00
# Visual Studio 15
VisualStudioVersion = 15.0.28307.572
MinimumVisualStudioVersion = 10.0.40219.1
Project("{FAE04EC0-301F-11D3-BF4B-00C04F79EFBC}") = "五子棋", "五子棋\五子棋.csproj", "{364B7DBE-F8A6-446B-8836-AF41112B7A60}"
EndProject
Global
	GlobalSection(SolutionConfigurationPlatforms) = preSolution
		Debug|Any CPU = Debug|Any CPU
		Release|Any CPU = Release|Any CPU
	EndGlobalSection
	GlobalSection(ProjectConfigurationPlatforms) = postSolution
		{364B7DBE-F8A6-446B-8836-AF41112B7A60}.Debug|Any CPU.ActiveCfg = Debug|Any CPU
		{364B7DBE-F8A6-446B-8836-AF41112B7A60}.Debug|Any CPU.Build.0 = Debug|Any CPU
		{364B7DBE-F8A6-446B-8836-AF41112B7A60}.Release|Any CPU.ActiveCfg = Release|Any CPU
		{364B7DBE-F8A6-446B-8836-AF41112B7A60}.Release|Any CPU.Build.0 = Release|Any CPU
	EndGlobalSection
	GlobalSection(SolutionProperties) = preSolution
		HideSolutionNode = FALSE
	EndGlobalSection
	GlobalSection(ExtensibilityGlobals) = postSolution
		SolutionGuid = {BADDB120-069D-4E17-AE5A-DACB76CE7FE1}
	EndGlobalSection
EndGlobal
